
Microsoft Visual Studio Solution File, Format Version 12.00
# Visual Studio Version 17
VisualStudioVersion = 17.9.34607.119
MinimumVisualStudioVersion = 10.0.40219.1
Project("{FAE04EC0-301F-11D3-BF4B-00C04F79EFBC}") = "Discus.DistributeCalculate.From", "Discus.DistributeCalculate.From\Discus.DistributeCalculate.From.csproj", "{66D4C43E-237E-4206-9B9D-547465BCC8E6}"
EndProject
Project("{2150E333-8FDC-42A3-9474-1A3956D46DE8}") = "DistributeCalculate", "DistributeCalculate", "{04753C85-CA62-4E34-8F7C-D6118F4D7A3D}"
EndProject
Project("{FAE04EC0-301F-11D3-BF4B-00C04F79EFBC}") = "Discus.DistributeCalculate", "Discus.DistributeCalculate\Discus.DistributeCalculate.csproj", "{92C7FA48-F35E-4633-8DD3-15B2A2F196B4}"
EndProject
Global
	GlobalSection(SolutionConfigurationPlatforms) = preSolution
		Debug|Any CPU = Debug|Any CPU
		Release|Any CPU = Release|Any CPU
	EndGlobalSection
	GlobalSection(ProjectConfigurationPlatforms) = postSolution
		{66D4C43E-237E-4206-9B9D-547465BCC8E6}.Debug|Any CPU.ActiveCfg = Debug|Any CPU
		{66D4C43E-237E-4206-9B9D-547465BCC8E6}.Debug|Any CPU.Build.0 = Debug|Any CPU
		{66D4C43E-237E-4206-9B9D-547465BCC8E6}.Release|Any CPU.ActiveCfg = Release|Any CPU
		{66D4C43E-237E-4206-9B9D-547465BCC8E6}.Release|Any CPU.Build.0 = Release|Any CPU
		{92C7FA48-F35E-4633-8DD3-15B2A2F196B4}.Debug|Any CPU.ActiveCfg = Debug|Any CPU
		{92C7FA48-F35E-4633-8DD3-15B2A2F196B4}.Debug|Any CPU.Build.0 = Debug|Any CPU
		{92C7FA48-F35E-4633-8DD3-15B2A2F196B4}.Release|Any CPU.ActiveCfg = Release|Any CPU
		{92C7FA48-F35E-4633-8DD3-15B2A2F196B4}.Release|Any CPU.Build.0 = Release|Any CPU
	EndGlobalSection
	GlobalSection(SolutionProperties) = preSolution
		HideSolutionNode = FALSE
	EndGlobalSection
	GlobalSection(NestedProjects) = preSolution
		{92C7FA48-F35E-4633-8DD3-15B2A2F196B4} = {04753C85-CA62-4E34-8F7C-D6118F4D7A3D}
	EndGlobalSection
	GlobalSection(ExtensibilityGlobals) = postSolution
		SolutionGuid = {A9C98C0D-179E-49E9-A626-F907516E5B1E}
	EndGlobalSection
EndGlobal
